// !$*UTF8*$!
{
	archiveVersion = 1;
	classes = {
	};
	objectVersion = 55;
	objects = {

/* Begin PBXBuildFile section */
		63BAC504275320E600AD9E4B /* AppDelegate.swift in Sources */ = {isa = PBXBuildFile; fileRef = 63BAC503275320E600AD9E4B /* AppDelegate.swift */; };
		63BAC506275320E600AD9E4B /* SceneDelegate.swift in Sources */ = {isa = PBXBuildFile; fileRef = 63BAC505275320E600AD9E4B /* SceneDelegate.swift */; };
		63BAC508275320E600AD9E4B /* ViewController.swift in Sources */ = {isa = PBXBuildFile; fileRef = 63BAC507275320E600AD9E4B /* ViewController.swift */; };
		63BAC50B275320E600AD9E4B /* Main.storyboard in Resources */ = {isa = PBXBuildFile; fileRef = 63BAC509275320E600AD9E4B /* Main.storyboard */; };
		63BAC50D275320EB00AD9E4B /* Assets.xcassets in Resources */ = {isa = PBXBuildFile; fileRef = 63BAC50C275320EB00AD9E4B /* Assets.xcassets */; };
		63BAC510275320EB00AD9E4B /* LaunchScreen.storyboard in Resources */ = {isa = PBXBuildFile; fileRef = 63BAC50E275320EB00AD9E4B /* LaunchScreen.storyboard */; };
		63BAC51B275320EB00AD9E4B /* oTests.swift in Sources */ = {isa = PBXBuildFile; fileRef = 63BAC51A275320EB00AD9E4B /* oTests.swift */; };
		63BAC525275320EB00AD9E4B /* oUITests.swift in Sources */ = {isa = PBXBuildFile; fileRef = 63BAC524275320EB00AD9E4B /* oUITests.swift */; };
		63BAC527275320EB00AD9E4B /* oUITestsLaunchTests.swift in Sources */ = {isa = PBXBuildFile; fileRef = 63BAC526275320EB00AD9E4B /* oUITestsLaunchTests.swift */; };
/* End PBXBuildFile section */

/* Begin PBXContainerItemProxy section */
		63BAC517275320EB00AD9E4B /* PBXContainerItemProxy */ = {
			isa = PBXContainerItemProxy;
			containerPortal = 63BAC4F8275320E600AD9E4B /* Project object */;
			proxyType = 1;
			remoteGlobalIDString = 63BAC4FF275320E600AD9E4B;
			remoteInfo = o;
		};
		63BAC521275320EB00AD9E4B /* PBXContainerItemProxy */ = {
			isa = PBXContainerItemProxy;
			containerPortal = 63BAC4F8275320E600AD9E4B /* Project object */;
			proxyType = 1;
			remoteGlobalIDString = 63BAC4FF275320E600AD9E4B;
			remoteInfo = o;
		};
/* End PBXContainerItemProxy section */

/* Begin PBXFileReference section */
		63BAC500275320E600AD9E4B /* o.app */ = {isa = PBXFileReference; explicitFileType = wrapper.application; includeInIndex = 0; path = o.app; sourceTree = BUILT_PRODUCTS_DIR; };
		63BAC503275320E600AD9E4B /* AppDelegate.swift */ = {isa = PBXFileReference; lastKnownFileType = sourcecode.swift; path = AppDelegate.swift; sourceTree = "<group>"; };
		63BAC505275320E600AD9E4B /* SceneDelegate.swift */ = {isa = PBXFileReference; lastKnownFileType = sourcecode.swift; path = SceneDelegate.swift; sourceTree = "<group>"; };
		63BAC507275320E600AD9E4B /* ViewController.swift */ = {isa = PBXFileReference; lastKnownFileType = sourcecode.swift; path = ViewController.swift; sourceTree = "<group>"; };
		63BAC50A275320E600AD9E4B /* Base */ = {isa = PBXFileReference; lastKnownFileType = file.storyboard; name = Base; path = Base.lproj/Main.storyboard; sourceTree = "<group>"; };
		63BAC50C275320EB00AD9E4B /* Assets.xcassets */ = {isa = PBXFileReference; lastKnownFileType = folder.assetcatalog; path = Assets.xcassets; sourceTree = "<group>"; };
		63BAC50F275320EB00AD9E4B /* Base */ = {isa = PBXFileReference; lastKnownFileType = file.storyboard; name = Base; path = Base.lproj/LaunchScreen.storyboard; sourceTree = "<group>"; };
		63BAC511275320EB00AD9E4B /* Info.plist */ = {isa = PBXFileReference; lastKnownFileType = text.plist.xml; path = Info.plist; sourceTree = "<group>"; };
		63BAC516275320EB00AD9E4B /* oTests.xctest */ = {isa = PBXFileReference; explicitFileType = wrapper.cfbundle; includeInIndex = 0; path = oTests.xctest; sourceTree = BUILT_PRODUCTS_DIR; };
		63BAC51A275320EB00AD9E4B /* oTests.swift */ = {isa = PBXFileReference; lastKnownFileType = sourcecode.swift; path = oTests.swift; sourceTree = "<group>"; };
		63BAC520275320EB00AD9E4B /* oUITests.xctest */ = {isa = PBXFileReference; explicitFileType = wrapper.cfbundle; includeInIndex = 0; path = oUITests.xctest; sourceTree = BUILT_PRODUCTS_DIR; };
		63BAC524275320EB00AD9E4B /* oUITests.swift */ = {isa = PBXFileReference; lastKnownFileType = sourcecode.swift; path = oUITests.swift; sourceTree = "<group>"; };
		63BAC526275320EB00AD9E4B /* oUITestsLaunchTests.swift */ = {isa = PBXFileReference; lastKnownFileType = sourcecode.swift; path = oUITestsLaunchTests.swift; sourceTree = "<group>"; };
/* End PBXFileReference section */

/* Begin PBXFrameworksBuildPhase section */
		63BAC4FD275320E600AD9E4B /* Frameworks */ = {
			isa = PBXFrameworksBuildPhase;
			buildActionMask = 2147483647;
			files = (
			);
			runOnlyForDeploymentPostprocessing = 0;
		};
		63BAC513275320EB00AD9E4B /* Frameworks */ = {
			isa = PBXFrameworksBuildPhase;
			buildActionMask = 2147483647;
			files = (
			);
			runOnlyForDeploymentPostprocessing = 0;
		};
		63BAC51D275320EB00AD9E4B /* Frameworks */ = {
			isa = PBXFrameworksBuildPhase;
			buildActionMask = 2147483647;
			files = (
			);
			runOnlyForDeploymentPostprocessing = 0;
		};
/* End PBXFrameworksBuildPhase section */

/* Begin PBXGroup section */
		63BAC4F7275320E600AD9E4B = {
			isa = PBXGroup;
			children = (
				63BAC502275320E600AD9E4B /* o */,
				63BAC519275320EB00AD9E4B /* oTests */,
				63BAC523275320EB00AD9E4B /* oUITests */,
				63BAC501275320E600AD9E4B /* Products */,
			);
			sourceTree = "<group>";
		};
		63BAC501275320E600AD9E4B /* Products */ = {
			isa = PBXGroup;
			children = (
				63BAC500275320E600AD9E4B /* o.app */,
				63BAC516275320EB00AD9E4B /* oTests.xctest */,
				63BAC520275320EB00AD9E4B /* oUITests.xctest */,
			);
			name = Products;
			sourceTree = "<group>";
		};
		63BAC502275320E600AD9E4B /* o */ = {
			isa = PBXGroup;
			children = (
				63BAC503275320E600AD9E4B /* AppDelegate.swift */,
				63BAC505275320E600AD9E4B /* SceneDelegate.swift */,
				63BAC507275320E600AD9E4B /* ViewController.swift */,
				63BAC509275320E600AD9E4B /* Main.storyboard */,
				63BAC50C275320EB00AD9E4B /* Assets.xcassets */,
				63BAC50E275320EB00AD9E4B /* LaunchScreen.storyboard */,
				63BAC511275320EB00AD9E4B /* Info.plist */,
			);
			path = o;
			sourceTree = "<group>";
		};
		63BAC519275320EB00AD9E4B /* oTests */ = {
			isa = PBXGroup;
			children = (
				63BAC51A275320EB00AD9E4B /* oTests.swift */,
			);
			path = oTests;
			sourceTree = "<group>";
		};
		63BAC523275320EB00AD9E4B /* oUITests */ = {
			isa = PBXGroup;
			children = (
				63BAC524275320EB00AD9E4B /* oUITests.swift */,
				63BAC526275320EB00AD9E4B /* oUITestsLaunchTests.swift */,
			);
			path = oUITests;
			sourceTree = "<group>";
		};
/* End PBXGroup section */

/* Begin PBXNativeTarget section */
		63BAC4FF275320E600AD9E4B /* o */ = {
			isa = PBXNativeTarget;
			buildConfigurationList = 63BAC52A275320EB00AD9E4B /* Build configuration list for PBXNativeTarget "o" */;
			buildPhases = (
				63BAC4FC275320E600AD9E4B /* Sources */,
				63BAC4FD275320E600AD9E4B /* Frameworks */,
				63BAC4FE275320E600AD9E4B /* Resources */,
			);
			buildRules = (
			);
			dependencies = (
			);
			name = o;
			productName = o;
			productReference = 63BAC500275320E600AD9E4B /* o.app */;
			productType = "com.apple.product-type.application";
		};
		63BAC515275320EB00AD9E4B /* oTests */ = {
			isa = PBXNativeTarget;
			buildConfigurationList = 63BAC52D275320EB00AD9E4B /* Build configuration list for PBXNativeTarget "oTests" */;
			buildPhases = (
				63BAC512275320EB00AD9E4B /* Sources */,
				63BAC513275320EB00AD9E4B /* Frameworks */,
				63BAC514275320EB00AD9E4B /* Resources */,
			);
			buildRules = (
			);
			dependencies = (
				63BAC518275320EB00AD9E4B /* PBXTargetDependency */,
			);
			name = oTests;
			productName = oTests;
			productReference = 63BAC516275320EB00AD9E4B /* oTests.xctest */;
			productType = "com.apple.product-type.bundle.unit-test";
		};
		63BAC51F275320EB00AD9E4B /* oUITests */ = {
			isa = PBXNativeTarget;
			buildConfigurationList = 63BAC530275320EB00AD9E4B /* Build configuration list for PBXNativeTarget "oUITests" */;
			buildPhases = (
				63BAC51C275320EB00AD9E4B /* Sources */,
				63BAC51D275320EB00AD9E4B /* Frameworks */,
				63BAC51E275320EB00AD9E4B /* Resources */,
			);
			buildRules = (
			);
			dependencies = (
				63BAC522275320EB00AD9E4B /* PBXTargetDependency */,
			);
			name = oUITests;
			productName = oUITests;
			productReference = 63BAC520275320EB00AD9E4B /* oUITests.xctest */;
			productType = "com.apple.product-type.bundle.ui-testing";
		};
/* End PBXNativeTarget section */

/* Begin PBXProject section */
		63BAC4F8275320E600AD9E4B /* Project object */ = {
			isa = PBXProject;
			attributes = {
				BuildIndependentTargetsInParallel = 1;
				LastSwiftUpdateCheck = 1310;
				LastUpgradeCheck = 1310;
				TargetAttributes = {
					63BAC4FF275320E600AD9E4B = {
						CreatedOnToolsVersion = 13.1;
					};
					63BAC515275320EB00AD9E4B = {
						CreatedOnToolsVersion = 13.1;
						TestTargetID = 63BAC4FF275320E600AD9E4B;
					};
					63BAC51F275320EB00AD9E4B = {
						CreatedOnToolsVersion = 13.1;
						TestTargetID = 63BAC4FF275320E600AD9E4B;
					};
				};
			};
			buildConfigurationList = 63BAC4FB275320E600AD9E4B /* Build configuration list for PBXProject "o" */;
			compatibilityVersion = "Xcode 13.0";
			developmentRegion = en;
			hasScannedForEncodings = 0;
			knownRegions = (
				en,
				Base,
			);
			mainGroup = 63BAC4F7275320E600AD9E4B;
			productRefGroup = 63BAC501275320E600AD9E4B /* Products */;
			projectDirPath = "";
			projectRoot = "";
			targets = (
				63BAC4FF275320E600AD9E4B /* o */,
				63BAC515275320EB00AD9E4B /* oTests */,
				63BAC51F275320EB00AD9E4B /* oUITests */,
			);
		};
/* End PBXProject section */

/* Begin PBXResourcesBuildPhase section */
		63BAC4FE275320E600AD9E4B /* Resources */ = {
			isa = PBXResourcesBuildPhase;
			buildActionMask = 2147483647;
			files = (
				63BAC510275320EB00AD9E4B /* LaunchScreen.storyboard in Resources */,
				63BAC50D275320EB00AD9E4B /* Assets.xcassets in Resources */,
				63BAC50B275320E600AD9E4B /* Main.storyboard in Resources */,
			);
			runOnlyForDeploymentPostprocessing = 0;
		};
		63BAC514275320EB00AD9E4B /* Resources */ = {
			isa = PBXResourcesBuildPhase;
			buildActionMask = 2147483647;
			files = (
			);
			runOnlyForDeploymentPostprocessing = 0;
		};
		63BAC51E275320EB00AD9E4B /* Resources */ = {
			isa = PBXResourcesBuildPhase;
			buildActionMask = 2147483647;
			files = (
			);
			runOnlyForDeploymentPostprocessing = 0;
		};
/* End PBXResourcesBuildPhase section */

/* Begin PBXSourcesBuildPhase section */
		63BAC4FC275320E600AD9E4B /* Sources */ = {
			isa = PBXSourcesBuildPhase;
			buildActionMask = 2147483647;
			files = (
				63BAC508275320E600AD9E4B /* ViewController.swift in Sources */,
				63BAC504275320E600AD9E4B /* AppDelegate.swift in Sources */,
				63BAC506275320E600AD9E4B /* SceneDelegate.swift in Sources */,
			);
			runOnlyForDeploymentPostprocessing = 0;
		};
		63BAC512275320EB00AD9E4B /* Sources */ = {
			isa = PBXSourcesBuildPhase;
			buildActionMask = 2147483647;
			files = (
				63BAC51B275320EB00AD9E4B /* oTests.swift in Sources */,
			);
			runOnlyForDeploymentPostprocessing = 0;
		};
		63BAC51C275320EB00AD9E4B /* Sources */ = {
			isa = PBXSourcesBuildPhase;
			buildActionMask = 2147483647;
			files = (
				63BAC527275320EB00AD9E4B /* oUITestsLaunchTests.swift in Sources */,
				63BAC525275320EB00AD9E4B /* oUITests.swift in Sources */,
			);
			runOnlyForDeploymentPostprocessing = 0;
		};
/* End PBXSourcesBuildPhase section */

/* Begin PBXTargetDependency section */
		63BAC518275320EB00AD9E4B /* PBXTargetDependency */ = {
			isa = PBXTargetDependency;
			target = 63BAC4FF275320E600AD9E4B /* o */;
			targetProxy = 63BAC517275320EB00AD9E4B /* PBXContainerItemProxy */;
		};
		63BAC522275320EB00AD9E4B /* PBXTargetDependency */ = {
			isa = PBXTargetDependency;
			target = 63BAC4FF275320E600AD9E4B /* o */;
			targetProxy = 63BAC521275320EB00AD9E4B /* PBXContainerItemProxy */;
		};
/* End PBXTargetDependency section */

/* Begin PBXVariantGroup section */
		63BAC509275320E600AD9E4B /* Main.storyboard */ = {
			isa = PBXVariantGroup;
			children = (
				63BAC50A275320E600AD9E4B /* Base */,
			);
			name = Main.storyboard;
			sourceTree = "<group>";
		};
		63BAC50E275320EB00AD9E4B /* LaunchScreen.storyboard */ = {
			isa = PBXVariantGroup;
			children = (
				63BAC50F275320EB00AD9E4B /* Base */,
			);
			name = LaunchScreen.storyboard;
			sourceTree = "<group>";
		};
/* End PBXVariantGroup section */

/* Begin XCBuildConfiguration section */
		63BAC528275320EB00AD9E4B /* Debug */ = {
			isa = XCBuildConfiguration;
			buildSettings = {
				ALWAYS_SEARCH_USER_PATHS = NO;
				CLANG_ANALYZER_NONNULL = YES;
				CLANG_ANALYZER_NUMBER_OBJECT_CONVERSION = YES_AGGRESSIVE;
				CLANG_CXX_LANGUAGE_STANDARD = "gnu++17";
				CLANG_CXX_LIBRARY = "libc++";
				CLANG_ENABLE_MODULES = YES;
				CLANG_ENABLE_OBJC_ARC = YES;
				CLANG_ENABLE_OBJC_WEAK = YES;
				CLANG_WARN_BLOCK_CAPTURE_AUTORELEASING = YES;
				CLANG_WARN_BOOL_CONVERSION = YES;
				CLANG_WARN_COMMA = YES;
				CLANG_WARN_CONSTANT_CONVERSION = YES;
				CLANG_WARN_DEPRECATED_OBJC_IMPLEMENTATIONS = YES;
				CLANG_WARN_DIRECT_OBJC_ISA_USAGE = YES_ERROR;
				CLANG_WARN_DOCUMENTATION_COMMENTS = YES;
				CLANG_WARN_EMPTY_BODY = YES;
				CLANG_WARN_ENUM_CONVERSION = YES;
				CLANG_WARN_INFINITE_RECURSION = YES;
				CLANG_WARN_INT_CONVERSION = YES;
				CLANG_WARN_NON_LITERAL_NULL_CONVERSION = YES;
				CLANG_WARN_OBJC_IMPLICIT_RETAIN_SELF = YES;
				CLANG_WARN_OBJC_LITERAL_CONVERSION = YES;
				CLANG_WARN_OBJC_ROOT_CLASS = YES_ERROR;
				CLANG_WARN_QUOTED_INCLUDE_IN_FRAMEWORK_HEADER = YES;
				CLANG_WARN_RANGE_LOOP_ANALYSIS = YES;
				CLANG_WARN_STRICT_PROTOTYPES = YES;
				CLANG_WARN_SUSPICIOUS_MOVE = YES;
				CLANG_WARN_UNGUARDED_AVAILABILITY = YES_AGGRESSIVE;
				CLANG_WARN_UNREACHABLE_CODE = YES;
				CLANG_WARN__DUPLICATE_METHOD_MATCH = YES;
				COPY_PHASE_STRIP = NO;
				DEBUG_INFORMATION_FORMAT = dwarf;
				ENABLE_STRICT_OBJC_MSGSEND = YES;
				ENABLE_TESTABILITY = YES;
				GCC_C_LANGUAGE_STANDARD = gnu11;
				GCC_DYNAMIC_NO_PIC = NO;
				GCC_NO_COMMON_BLOCKS = YES;
				GCC_OPTIMIZATION_LEVEL = 0;
				GCC_PREPROCESSOR_DEFINITIONS = (
					"DEBUG=1",
					"$(inherited)",
				);
				GCC_WARN_64_TO_32_BIT_CONVERSION = YES;
				GCC_WARN_ABOUT_RETURN_TYPE = YES_ERROR;
				GCC_WARN_UNDECLARED_SELECTOR = YES;
				GCC_WARN_UNINITIALIZED_AUTOS = YES_AGGRESSIVE;
				GCC_WARN_UNUSED_FUNCTION = YES;
				GCC_WARN_UNUSED_VARIABLE = YES;
				IPHONEOS_DEPLOYMENT_TARGET = 15.0;
				MTL_ENABLE_DEBUG_INFO = INCLUDE_SOURCE;
				MTL_FAST_MATH = YES;
				ONLY_ACTIVE_ARCH = YES;
				SDKROOT = iphoneos;
				SWIFT_ACTIVE_COMPILATION_CONDITIONS = DEBUG;
				SWIFT_OPTIMIZATION_LEVEL = "-Onone";
			};
			name = Debug;
		};
		63BAC529275320EB00AD9E4B /* Release */ = {
			isa = XCBuildConfiguration;
			buildSettings = {
				ALWAYS_SEARCH_USER_PATHS = NO;
				CLANG_ANALYZER_NONNULL = YES;
				CLANG_ANALYZER_NUMBER_OBJECT_CONVERSION = YES_AGGRESSIVE;
				CLANG_CXX_LANGUAGE_STANDARD = "gnu++17";
				CLANG_CXX_LIBRARY = "libc++";
				CLANG_ENABLE_MODULES = YES;
				CLANG_ENABLE_OBJC_ARC = YES;
				CLANG_ENABLE_OBJC_WEAK = YES;
				CLANG_WARN_BLOCK_CAPTURE_AUTORELEASING = YES;
				CLANG_WARN_BOOL_CONVERSION = YES;
				CLANG_WARN_COMMA = YES;
				CLANG_WARN_CONSTANT_CONVERSION = YES;
				CLANG_WARN_DEPRECATED_OBJC_IMPLEMENTATIONS = YES;
				CLANG_WARN_DIRECT_OBJC_ISA_USAGE = YES_ERROR;
				CLANG_WARN_DOCUMENTATION_COMMENTS = YES;
				CLANG_WARN_EMPTY_BODY = YES;
				CLANG_WARN_ENUM_CONVERSION = YES;
				CLANG_WARN_INFINITE_RECURSION = YES;
				CLANG_WARN_INT_CONVERSION = YES;
				CLANG_WARN_NON_LITERAL_NULL_CONVERSION = YES;
				CLANG_WARN_OBJC_IMPLICIT_RETAIN_SELF = YES;
				CLANG_WARN_OBJC_LITERAL_CONVERSION = YES;
				CLANG_WARN_OBJC_ROOT_CLASS = YES_ERROR;
				CLANG_WARN_QUOTED_INCLUDE_IN_FRAMEWORK_HEADER = YES;
				CLANG_WARN_RANGE_LOOP_ANALYSIS = YES;
				CLANG_WARN_STRICT_PROTOTYPES = YES;
				CLANG_WARN_SUSPICIOUS_MOVE = YES;
				CLANG_WARN_UNGUARDED_AVAILABILITY = YES_AGGRESSIVE;
				CLANG_WARN_UNREACHABLE_CODE = YES;
				CLANG_WARN__DUPLICATE_METHOD_MATCH = YES;
				COPY_PHASE_STRIP = NO;
				DEBUG_INFORMATION_FORMAT = "dwarf-with-dsym";
				ENABLE_NS_ASSERTIONS = NO;
				ENABLE_STRICT_OBJC_MSGSEND = YES;
				GCC_C_LANGUAGE_STANDARD = gnu11;
				GCC_NO_COMMON_BLOCKS = YES;
				GCC_WARN_64_TO_32_BIT_CONVERSION = YES;
				GCC_WARN_ABOUT_RETURN_TYPE = YES_ERROR;
				GCC_WARN_UNDECLARED_SELECTOR = YES;
				GCC_WARN_UNINITIALIZED_AUTOS = YES_AGGRESSIVE;
				GCC_WARN_UNUSED_FUNCTION = YES;
				GCC_WARN_UNUSED_VARIABLE = YES;
				IPHONEOS_DEPLOYMENT_TARGET = 15.0;
				MTL_ENABLE_DEBUG_INFO = NO;
				MTL_FAST_MATH = YES;
				SDKROOT = iphoneos;
				SWIFT_COMPILATION_MODE = wholemodule;
				SWIFT_OPTIMIZATION_LEVEL = "-O";
				VALIDATE_PRODUCT = YES;
			};
			name = Release;
		};
		63BAC52B275320EB00AD9E4B /* Debug */ = {
			isa = XCBuildConfiguration;
			buildSettings = {
				ASSETCATALOG_COMPILER_APPICON_NAME = AppIcon;
				ASSETCATALOG_COMPILER_GLOBAL_ACCENT_COLOR_NAME = AccentColor;
				CODE_SIGN_STYLE = Automatic;
				CURRENT_PROJECT_VERSION = 1;
				GENERATE_INFOPLIST_FILE = YES;
				INFOPLIST_FILE = o/Info.plist;
				INFOPLIST_KEY_UIApplicationSupportsIndirectInputEvents = YES;
				INFOPLIST_KEY_UILaunchStoryboardName = LaunchScreen;
				INFOPLIST_KEY_UIMainStoryboardFile = Main;
				INFOPLIST_KEY_UISupportedInterfaceOrientations_iPad = "UIInterfaceOrientationPortrait UIInterfaceOrientationPortraitUpsideDown UIInterfaceOrientationLandscapeLeft UIInterfaceOrientationLandscapeRight";
				INFOPLIST_KEY_UISupportedInterfaceOrientations_iPhone = "UIInterfaceOrientationPortrait UIInterfaceOrientationLandscapeLeft UIInterfaceOrientationLandscapeRight";
				LD_RUNPATH_SEARCH_PATHS = (
					"$(inherited)",
					"@executable_path/Frameworks",
				);
				MARKETING_VERSION = 1.0;
				PRODUCT_BUNDLE_IDENTIFIER = "---.o";
				PRODUCT_NAME = "$(TARGET_NAME)";
				SWIFT_EMIT_LOC_STRINGS = YES;
				SWIFT_VERSION = 5.0;
				TARGETED_DEVICE_FAMILY = "1,2";
			};
			name = Debug;
		};
		63BAC52C275320EB00AD9E4B /* Release */ = {
			isa = XCBuildConfiguration;
			buildSettings = {
				ASSETCATALOG_COMPILER_APPICON_NAME = AppIcon;
				ASSETCATALOG_COMPILER_GLOBAL_ACCENT_COLOR_NAME = AccentColor;
				CODE_SIGN_STYLE = Automatic;
				CURRENT_PROJECT_VERSION = 1;
				GENERATE_INFOPLIST_FILE = YES;
				INFOPLIST_FILE = o/Info.plist;
				INFOPLIST_KEY_UIApplicationSupportsIndirectInputEvents = YES;
				INFOPLIST_KEY_UILaunchStoryboardName = LaunchScreen;
				INFOPLIST_KEY_UIMainStoryboardFile = Main;
				INFOPLIST_KEY_UISupportedInterfaceOrientations_iPad = "UIInterfaceOrientationPortrait UIInterfaceOrientationPortraitUpsideDown UIInterfaceOrientationLandscapeLeft UIInterfaceOrientationLandscapeRight";
				INFOPLIST_KEY_UISupportedInterfaceOrientations_iPhone = "UIInterfaceOrientationPortrait UIInterfaceOrientationLandscapeLeft UIInterfaceOrientationLandscapeRight";
				LD_RUNPATH_SEARCH_PATHS = (
					"$(inherited)",
					"@executable_path/Frameworks",
				);
				MARKETING_VERSION = 1.0;
				PRODUCT_BUNDLE_IDENTIFIER = "---.o";
				PRODUCT_NAME = "$(TARGET_NAME)";
				SWIFT_EMIT_LOC_STRINGS = YES;
				SWIFT_VERSION = 5.0;
				TARGETED_DEVICE_FAMILY = "1,2";
			};
			name = Release;
		};
		63BAC52E275320EB00AD9E4B /* Debug */ = {
			isa = XCBuildConfiguration;
			buildSettings = {
				ALWAYS_EMBED_SWIFT_STANDARD_LIBRARIES = YES;
				BUNDLE_LOADER = "$(TEST_HOST)";
				CODE_SIGN_STYLE = Automatic;
				CURRENT_PROJECT_VERSION = 1;
				GENERATE_INFOPLIST_FILE = YES;
				IPHONEOS_DEPLOYMENT_TARGET = 15.0;
				LD_RUNPATH_SEARCH_PATHS = (
					"$(inherited)",
					"@executable_path/Frameworks",
					"@loader_path/Frameworks",
				);
				MARKETING_VERSION = 1.0;
				PRODUCT_BUNDLE_IDENTIFIER = "---.oTests";
				PRODUCT_NAME = "$(TARGET_NAME)";
				SWIFT_EMIT_LOC_STRINGS = NO;
				SWIFT_VERSION = 5.0;
				TARGETED_DEVICE_FAMILY = "1,2";
				TEST_HOST = "$(BUILT_PRODUCTS_DIR)/o.app/o";
			};
			name = Debug;
		};
		63BAC52F275320EB00AD9E4B /* Release */ = {
			isa = XCBuildConfiguration;
			buildSettings = {
				ALWAYS_EMBED_SWIFT_STANDARD_LIBRARIES = YES;
				BUNDLE_LOADER = "$(TEST_HOST)";
				CODE_SIGN_STYLE = Automatic;
				CURRENT_PROJECT_VERSION = 1;
				GENERATE_INFOPLIST_FILE = YES;
				IPHONEOS_DEPLOYMENT_TARGET = 15.0;
				LD_RUNPATH_SEARCH_PATHS = (
					"$(inherited)",
					"@executable_path/Frameworks",
					"@loader_path/Frameworks",
				);
				MARKETING_VERSION = 1.0;
				PRODUCT_BUNDLE_IDENTIFIER = "---.oTests";
				PRODUCT_NAME = "$(TARGET_NAME)";
				SWIFT_EMIT_LOC_STRINGS = NO;
				SWIFT_VERSION = 5.0;
				TARGETED_DEVICE_FAMILY = "1,2";
				TEST_HOST = "$(BUILT_PRODUCTS_DIR)/o.app/o";
			};
			name = Release;
		};
		63BAC531275320EB00AD9E4B /* Debug */ = {
			isa = XCBuildConfiguration;
			buildSettings = {
				ALWAYS_EMBED_SWIFT_STANDARD_LIBRARIES = YES;
				CODE_SIGN_STYLE = Automatic;
				CURRENT_PROJECT_VERSION = 1;
				GENERATE_INFOPLIST_FILE = YES;
				LD_RUNPATH_SEARCH_PATHS = (
					"$(inherited)",
					"@executable_path/Frameworks",
					"@loader_path/Frameworks",
				);
				MARKETING_VERSION = 1.0;
				PRODUCT_BUNDLE_IDENTIFIER = "---.oUITests";
				PRODUCT_NAME = "$(TARGET_NAME)";
				SWIFT_EMIT_LOC_STRINGS = NO;
				SWIFT_VERSION = 5.0;
				TARGETED_DEVICE_FAMILY = "1,2";
				TEST_TARGET_NAME = o;
			};
			name = Debug;
		};
		63BAC532275320EB00AD9E4B /* Release */ = {
			isa = XCBuildConfiguration;
			buildSettings = {
				ALWAYS_EMBED_SWIFT_STANDARD_LIBRARIES = YES;
				CODE_SIGN_STYLE = Automatic;
				CURRENT_PROJECT_VERSION = 1;
				GENERATE_INFOPLIST_FILE = YES;
				LD_RUNPATH_SEARCH_PATHS = (
					"$(inherited)",
					"@executable_path/Frameworks",
					"@loader_path/Frameworks",
				);
				MARKETING_VERSION = 1.0;
				PRODUCT_BUNDLE_IDENTIFIER = "---.oUITests";
				PRODUCT_NAME = "$(TARGET_NAME)";
				SWIFT_EMIT_LOC_STRINGS = NO;
				SWIFT_VERSION = 5.0;
				TARGETED_DEVICE_FAMILY = "1,2";
				TEST_TARGET_NAME = o;
			};
			name = Release;
		};
/* End XCBuildConfiguration section */

/* Begin XCConfigurationList section */
		63BAC4FB275320E600AD9E4B /* Build configuration list for PBXProject "o" */ = {
			isa = XCConfigurationList;
			buildConfigurations = (
				63BAC528275320EB00AD9E4B /* Debug */,
				63BAC529275320EB00AD9E4B /* Release */,
			);
			defaultConfigurationIsVisible = 0;
			defaultConfigurationName = Release;
		};
		63BAC52A275320EB00AD9E4B /* Build configuration list for PBXNativeTarget "o" */ = {
			isa = XCConfigurationList;
			buildConfigurations = (
				63BAC52B275320EB00AD9E4B /* Debug */,
				63BAC52C275320EB00AD9E4B /* Release */,
			);
			defaultConfigurationIsVisible = 0;
			defaultConfigurationName = Release;
		};
		63BAC52D275320EB00AD9E4B /* Build configuration list for PBXNativeTarget "oTests" */ = {
			isa = XCConfigurationList;
			buildConfigurations = (
				63BAC52E275320EB00AD9E4B /* Debug */,
				63BAC52F275320EB00AD9E4B /* Release */,
			);
			defaultConfigurationIsVisible = 0;
			defaultConfigurationName = Release;
		};
		63BAC530275320EB00AD9E4B /* Build configuration list for PBXNativeTarget "oUITests" */ = {
			isa = XCConfigurationList;
			buildConfigurations = (
				63BAC531275320EB00AD9E4B /* Debug */,
				63BAC532275320EB00AD9E4B /* Release */,
			);
			defaultConfigurationIsVisible = 0;
			defaultConfigurationName = Release;
		};
/* End XCConfigurationList section */
	};
	rootObject = 63BAC4F8275320E600AD9E4B /* Project object */;
}
